
Microsoft Visual Studio Solution File, Format Version 12.00
# Visual Studio Version 16
VisualStudioVersion = 16.0.28729.10
MinimumVisualStudioVersion = 10.0.40219.1
Project("{FAE04EC0-301F-11D3-BF4B-00C04F79EFBC}") = "Assembly-CSharp", "Assembly-CSharp\Assembly-CSharp.csproj", "{6DA5F018-F073-4ECF-8704-3465BA7902C2}"
EndProject
Project("{FAE04EC0-301F-11D3-BF4B-00C04F79EFBC}") = "Facepunch.Network", "Facepunch.Network\Facepunch.Network.csproj", "{6DA5F018-F073-4ECF-8704-3465BA7902C3}"
EndProject
Project("{FAE04EC0-301F-11D3-BF4B-00C04F79EFBC}") = "Facepunch.Raknet", "Facepunch.Raknet\Facepunch.Raknet.csproj", "{6DA5F018-F073-4ECF-8704-3465BA7902C4}"
EndProject
Global
	GlobalSection(SolutionConfigurationPlatforms) = preSolution
		Debug|Any CPU = Debug|Any CPU
		Release|Any CPU = Release|Any CPU
	EndGlobalSection
	GlobalSection(ProjectConfigurationPlatforms) = postSolution
		{6DA5F018-F073-4ECF-8704-3465BA7902C2}.Debug|Any CPU.ActiveCfg = Debug|Any CPU
		{6DA5F018-F073-4ECF-8704-3465BA7902C2}.Debug|Any CPU.Build.0 = Debug|Any CPU
		{6DA5F018-F073-4ECF-8704-3465BA7902C2}.Release|Any CPU.ActiveCfg = Release|Any CPU
		{6DA5F018-F073-4ECF-8704-3465BA7902C2}.Release|Any CPU.Build.0 = Release|Any CPU
		{6DA5F018-F073-4ECF-8704-3465BA7902C3}.Debug|Any CPU.ActiveCfg = Debug|Any CPU
		{6DA5F018-F073-4ECF-8704-3465BA7902C3}.Debug|Any CPU.Build.0 = Debug|Any CPU
		{6DA5F018-F073-4ECF-8704-3465BA7902C3}.Release|Any CPU.ActiveCfg = Release|Any CPU
		{6DA5F018-F073-4ECF-8704-3465BA7902C3}.Release|Any CPU.Build.0 = Release|Any CPU
		{6DA5F018-F073-4ECF-8704-3465BA7902C4}.Debug|Any CPU.ActiveCfg = Debug|Any CPU
		{6DA5F018-F073-4ECF-8704-3465BA7902C4}.Debug|Any CPU.Build.0 = Debug|Any CPU
		{6DA5F018-F073-4ECF-8704-3465BA7902C4}.Release|Any CPU.ActiveCfg = Release|Any CPU
		{6DA5F018-F073-4ECF-8704-3465BA7902C4}.Release|Any CPU.Build.0 = Release|Any CPU
	EndGlobalSection
	GlobalSection(SolutionProperties) = preSolution
		HideSolutionNode = FALSE
	EndGlobalSection
EndGlobal
